
Microsoft Visual Studio Solution File, Format Version 12.00
# Visual Studio Version 17
VisualStudioVersion = 17.7.34009.444
MinimumVisualStudioVersion = 10.0.40219.1
Project("{9A19103F-16F7-4668-BE54-9A1E7A4F7556}") = "Loja.Domain", "Loja.Domain\Loja.Domain.csproj", "{331EE558-02A5-4CB6-8D76-255A936FA74D}"
EndProject
Project("{9A19103F-16F7-4668-BE54-9A1E7A4F7556}") = "Loja.Application", "Loja.Application\Loja.Application.csproj", "{5212B578-5A91-4910-9699-5F63A7BDE28B}"
EndProject
Project("{9A19103F-16F7-4668-BE54-9A1E7A4F7556}") = "Loja.WebAPI", "Loja.WebAPI\Loja.WebAPI.csproj", "{E316C494-DCFD-4EC7-BDA7-E6E91198D956}"
EndProject
Project("{FAE04EC0-301F-11D3-BF4B-00C04F79EFBC}") = "Loja.Infrastructure", "Loja.Infrastructure\Loja.Infrastructure.csproj", "{78B61502-C7A4-4BD5-ABAE-0EB9489384FC}"
EndProject
Global
	GlobalSection(SolutionConfigurationPlatforms) = preSolution
		Debug|Any CPU = Debug|Any CPU
		Release|Any CPU = Release|Any CPU
	EndGlobalSection
	GlobalSection(ProjectConfigurationPlatforms) = postSolution
		{331EE558-02A5-4CB6-8D76-255A936FA74D}.Debug|Any CPU.ActiveCfg = Debug|Any CPU
		{331EE558-02A5-4CB6-8D76-255A936FA74D}.Debug|Any CPU.Build.0 = Debug|Any CPU
		{331EE558-02A5-4CB6-8D76-255A936FA74D}.Release|Any CPU.ActiveCfg = Release|Any CPU
		{331EE558-02A5-4CB6-8D76-255A936FA74D}.Release|Any CPU.Build.0 = Release|Any CPU
		{5212B578-5A91-4910-9699-5F63A7BDE28B}.Debug|Any CPU.ActiveCfg = Debug|Any CPU
		{5212B578-5A91-4910-9699-5F63A7BDE28B}.Debug|Any CPU.Build.0 = Debug|Any CPU
		{5212B578-5A91-4910-9699-5F63A7BDE28B}.Release|Any CPU.ActiveCfg = Release|Any CPU
		{5212B578-5A91-4910-9699-5F63A7BDE28B}.Release|Any CPU.Build.0 = Release|Any CPU
		{E316C494-DCFD-4EC7-BDA7-E6E91198D956}.Debug|Any CPU.ActiveCfg = Debug|Any CPU
		{E316C494-DCFD-4EC7-BDA7-E6E91198D956}.Debug|Any CPU.Build.0 = Debug|Any CPU
		{E316C494-DCFD-4EC7-BDA7-E6E91198D956}.Release|Any CPU.ActiveCfg = Release|Any CPU
		{E316C494-DCFD-4EC7-BDA7-E6E91198D956}.Release|Any CPU.Build.0 = Release|Any CPU
		{78B61502-C7A4-4BD5-ABAE-0EB9489384FC}.Debug|Any CPU.ActiveCfg = Debug|Any CPU
		{78B61502-C7A4-4BD5-ABAE-0EB9489384FC}.Debug|Any CPU.Build.0 = Debug|Any CPU
		{78B61502-C7A4-4BD5-ABAE-0EB9489384FC}.Release|Any CPU.ActiveCfg = Release|Any CPU
		{78B61502-C7A4-4BD5-ABAE-0EB9489384FC}.Release|Any CPU.Build.0 = Release|Any CPU
	EndGlobalSection
	GlobalSection(SolutionProperties) = preSolution
		HideSolutionNode = FALSE
	EndGlobalSection
	GlobalSection(ExtensibilityGlobals) = postSolution
		SolutionGuid = {17D130B5-8040-4F26-9B69-77C75F7A1B19}
	EndGlobalSection
EndGlobal
